
Microsoft Visual Studio Solution File, Format Version 12.00
# Visual Studio Version 17
VisualStudioVersion = 17.2.32630.192
MinimumVisualStudioVersion = 10.0.40219.1
Project("{FAE04EC0-301F-11D3-BF4B-00C04F79EFBC}") = "TeilOne.FastZip", "TeilOne.FastZip\TeilOne.FastZip.csproj", "{40D1799A-417A-46F9-A42F-693CBE627CE2}"
EndProject
Project("{FAE04EC0-301F-11D3-BF4B-00C04F79EFBC}") = "TeilOne.FastZip.Tests", "TeilOne.FastZip.Tests\TeilOne.FastZip.Tests.csproj", "{92DBAC05-009A-406F-BEE3-3A157C112A64}"
EndProject
Global
	GlobalSection(SolutionConfigurationPlatforms) = preSolution
		Debug|Any CPU = Debug|Any CPU
		Release|Any CPU = Release|Any CPU
	EndGlobalSection
	GlobalSection(ProjectConfigurationPlatforms) = postSolution
		{40D1799A-417A-46F9-A42F-693CBE627CE2}.Debug|Any CPU.ActiveCfg = Debug|Any CPU
		{40D1799A-417A-46F9-A42F-693CBE627CE2}.Debug|Any CPU.Build.0 = Debug|Any CPU
		{40D1799A-417A-46F9-A42F-693CBE627CE2}.Release|Any CPU.ActiveCfg = Release|Any CPU
		{40D1799A-417A-46F9-A42F-693CBE627CE2}.Release|Any CPU.Build.0 = Release|Any CPU
		{92DBAC05-009A-406F-BEE3-3A157C112A64}.Debug|Any CPU.ActiveCfg = Debug|Any CPU
		{92DBAC05-009A-406F-BEE3-3A157C112A64}.Debug|Any CPU.Build.0 = Debug|Any CPU
		{92DBAC05-009A-406F-BEE3-3A157C112A64}.Release|Any CPU.ActiveCfg = Release|Any CPU
		{92DBAC05-009A-406F-BEE3-3A157C112A64}.Release|Any CPU.Build.0 = Release|Any CPU
	EndGlobalSection
	GlobalSection(SolutionProperties) = preSolution
		HideSolutionNode = FALSE
	EndGlobalSection
	GlobalSection(ExtensibilityGlobals) = postSolution
		SolutionGuid = {59DCA556-4496-48ED-964F-175464F910E8}
	EndGlobalSection
EndGlobal
